// !$*UTF8*$!
{
	archiveVersion = 1;
	classes = {
	};
	objectVersion = 77;
	objects = {

/* Begin PBXContainerItemProxy section */
		E5DC0FB62CCFD66300B199F8 /* PBXContainerItemProxy */ = {
			isa = PBXContainerItemProxy;
			containerPortal = E5DC0F9D2CCFD66200B199F8 /* Project object */;
			proxyType = 1;
			remoteGlobalIDString = E5DC0FA42CCFD66200B199F8;
			remoteInfo = AppForBharatProject;
		};
		E5DC0FC02CCFD66300B199F8 /* PBXContainerItemProxy */ = {
			isa = PBXContainerItemProxy;
			containerPortal = E5DC0F9D2CCFD66200B199F8 /* Project object */;
			proxyType = 1;
			remoteGlobalIDString = E5DC0FA42CCFD66200B199F8;
			remoteInfo = AppForBharatProject;
		};
/* End PBXContainerItemProxy section */

/* Begin PBXFileReference section */
		E5DC0FA52CCFD66200B199F8 /* AppForBharatProject.app */ = {isa = PBXFileReference; explicitFileType = wrapper.application; includeInIndex = 0; path = AppForBharatProject.app; sourceTree = BUILT_PRODUCTS_DIR; };
		E5DC0FB52CCFD66300B199F8 /* AppForBharatProjectTests.xctest */ = {isa = PBXFileReference; explicitFileType = wrapper.cfbundle; includeInIndex = 0; path = AppForBharatProjectTests.xctest; sourceTree = BUILT_PRODUCTS_DIR; };
		E5DC0FBF2CCFD66300B199F8 /* AppForBharatProjectUITests.xctest */ = {isa = PBXFileReference; explicitFileType = wrapper.cfbundle; includeInIndex = 0; path = AppForBharatProjectUITests.xctest; sourceTree = BUILT_PRODUCTS_DIR; };
/* End PBXFileReference section */

/* Begin PBXFileSystemSynchronizedRootGroup section */
		E5DC0FA72CCFD66200B199F8 /* AppForBharatProject */ = {
			isa = PBXFileSystemSynchronizedRootGroup;
			path = AppForBharatProject;
			sourceTree = "<group>";
		};
		E5DC0FB82CCFD66300B199F8 /* AppForBharatProjectTests */ = {
			isa = PBXFileSystemSynchronizedRootGroup;
			path = AppForBharatProjectTests;
			sourceTree = "<group>";
		};
		E5DC0FC22CCFD66300B199F8 /* AppForBharatProjectUITests */ = {
			isa = PBXFileSystemSynchronizedRootGroup;
			path = AppForBharatProjectUITests;
			sourceTree = "<group>";
		};
/* End PBXFileSystemSynchronizedRootGroup section */

/* Begin PBXFrameworksBuildPhase section */
		E5DC0FA22CCFD66200B199F8 /* Frameworks */ = {
			isa = PBXFrameworksBuildPhase;
			buildActionMask = 2147483647;
			files = (
			);
			runOnlyForDeploymentPostprocessing = 0;
		};
		E5DC0FB22CCFD66300B199F8 /* Frameworks */ = {
			isa = PBXFrameworksBuildPhase;
			buildActionMask = 2147483647;
			files = (
			);
			runOnlyForDeploymentPostprocessing = 0;
		};
		E5DC0FBC2CCFD66300B199F8 /* Frameworks */ = {
			isa = PBXFrameworksBuildPhase;
			buildActionMask = 2147483647;
			files = (
			);
			runOnlyForDeploymentPostprocessing = 0;
		};
/* End PBXFrameworksBuildPhase section */

/* Begin PBXGroup section */
		E5DC0F9C2CCFD66200B199F8 = {
			isa = PBXGroup;
			children = (
				E5DC0FA72CCFD66200B199F8 /* AppForBharatProject */,
				E5DC0FB82CCFD66300B199F8 /* AppForBharatProjectTests */,
				E5DC0FC22CCFD66300B199F8 /* AppForBharatProjectUITests */,
				E5DC0FA62CCFD66200B199F8 /* Products */,
			);
			sourceTree = "<group>";
		};
		E5DC0FA62CCFD66200B199F8 /* Products */ = {
			isa = PBXGroup;
			children = (
				E5DC0FA52CCFD66200B199F8 /* AppForBharatProject.app */,
				E5DC0FB52CCFD66300B199F8 /* AppForBharatProjectTests.xctest */,
				E5DC0FBF2CCFD66300B199F8 /* AppForBharatProjectUITests.xctest */,
			);
			name = Products;
			sourceTree = "<group>";
		};
/* End PBXGroup section */

/* Begin PBXNativeTarget section */
		E5DC0FA42CCFD66200B199F8 /* AppForBharatProject */ = {
			isa = PBXNativeTarget;
			buildConfigurationList = E5DC0FC92CCFD66300B199F8 /* Build configuration list for PBXNativeTarget "AppForBharatProject" */;
			buildPhases = (
				E5DC0FA12CCFD66200B199F8 /* Sources */,
				E5DC0FA22CCFD66200B199F8 /* Frameworks */,
				E5DC0FA32CCFD66200B199F8 /* Resources */,
			);
			buildRules = (
			);
			dependencies = (
			);
			fileSystemSynchronizedGroups = (
				E5DC0FA72CCFD66200B199F8 /* AppForBharatProject */,
			);
			name = AppForBharatProject;
			packageProductDependencies = (
			);
			productName = AppForBharatProject;
			productReference = E5DC0FA52CCFD66200B199F8 /* AppForBharatProject.app */;
			productType = "com.apple.product-type.application";
		};
		E5DC0FB42CCFD66300B199F8 /* AppForBharatProjectTests */ = {
			isa = PBXNativeTarget;
			buildConfigurationList = E5DC0FCC2CCFD66300B199F8 /* Build configuration list for PBXNativeTarget "AppForBharatProjectTests" */;
			buildPhases = (
				E5DC0FB12CCFD66300B199F8 /* Sources */,
				E5DC0FB22CCFD66300B199F8 /* Frameworks */,
				E5DC0FB32CCFD66300B199F8 /* Resources */,
			);
			buildRules = (
			);
			dependencies = (
				E5DC0FB72CCFD66300B199F8 /* PBXTargetDependency */,
			);
			fileSystemSynchronizedGroups = (
				E5DC0FB82CCFD66300B199F8 /* AppForBharatProjectTests */,
			);
			name = AppForBharatProjectTests;
			packageProductDependencies = (
			);
			productName = AppForBharatProjectTests;
			productReference = E5DC0FB52CCFD66300B199F8 /* AppForBharatProjectTests.xctest */;
			productType = "com.apple.product-type.bundle.unit-test";
		};
		E5DC0FBE2CCFD66300B199F8 /* AppForBharatProjectUITests */ = {
			isa = PBXNativeTarget;
			buildConfigurationList = E5DC0FCF2CCFD66300B199F8 /* Build configuration list for PBXNativeTarget "AppForBharatProjectUITests" */;
			buildPhases = (
				E5DC0FBB2CCFD66300B199F8 /* Sources */,
				E5DC0FBC2CCFD66300B199F8 /* Frameworks */,
				E5DC0FBD2CCFD66300B199F8 /* Resources */,
			);
			buildRules = (
			);
			dependencies = (
				E5DC0FC12CCFD66300B199F8 /* PBXTargetDependency */,
			);
			fileSystemSynchronizedGroups = (
				E5DC0FC22CCFD66300B199F8 /* AppForBharatProjectUITests */,
			);
			name = AppForBharatProjectUITests;
			packageProductDependencies = (
			);
			productName = AppForBharatProjectUITests;
			productReference = E5DC0FBF2CCFD66300B199F8 /* AppForBharatProjectUITests.xctest */;
			productType = "com.apple.product-type.bundle.ui-testing";
		};
/* End PBXNativeTarget section */

/* Begin PBXProject section */
		E5DC0F9D2CCFD66200B199F8 /* Project object */ = {
			isa = PBXProject;
			attributes = {
				BuildIndependentTargetsInParallel = 1;
				LastSwiftUpdateCheck = 1600;
				LastUpgradeCheck = 1600;
				TargetAttributes = {
					E5DC0FA42CCFD66200B199F8 = {
						CreatedOnToolsVersion = 16.0;
					};
					E5DC0FB42CCFD66300B199F8 = {
						CreatedOnToolsVersion = 16.0;
						TestTargetID = E5DC0FA42CCFD66200B199F8;
					};
					E5DC0FBE2CCFD66300B199F8 = {
						CreatedOnToolsVersion = 16.0;
						TestTargetID = E5DC0FA42CCFD66200B199F8;
					};
				};
			};
			buildConfigurationList = E5DC0FA02CCFD66200B199F8 /* Build configuration list for PBXProject "AppForBharatProject" */;
			developmentRegion = en;
			hasScannedForEncodings = 0;
			knownRegions = (
				en,
				Base,
			);
			mainGroup = E5DC0F9C2CCFD66200B199F8;
			minimizedProjectReferenceProxies = 1;
			preferredProjectObjectVersion = 77;
			productRefGroup = E5DC0FA62CCFD66200B199F8 /* Products */;
			projectDirPath = "";
			projectRoot = "";
			targets = (
				E5DC0FA42CCFD66200B199F8 /* AppForBharatProject */,
				E5DC0FB42CCFD66300B199F8 /* AppForBharatProjectTests */,
				E5DC0FBE2CCFD66300B199F8 /* AppForBharatProjectUITests */,
			);
		};
/* End PBXProject section */

/* Begin PBXResourcesBuildPhase section */
		E5DC0FA32CCFD66200B199F8 /* Resources */ = {
			isa = PBXResourcesBuildPhase;
			buildActionMask = 2147483647;
			files = (
			);
			runOnlyForDeploymentPostprocessing = 0;
		};
		E5DC0FB32CCFD66300B199F8 /* Resources */ = {
			isa = PBXResourcesBuildPhase;
			buildActionMask = 2147483647;
			files = (
			);
			runOnlyForDeploymentPostprocessing = 0;
		};
		E5DC0FBD2CCFD66300B199F8 /* Resources */ = {
			isa = PBXResourcesBuildPhase;
			buildActionMask = 2147483647;
			files = (
			);
			runOnlyForDeploymentPostprocessing = 0;
		};
/* End PBXResourcesBuildPhase section */

/* Begin PBXSourcesBuildPhase section */
		E5DC0FA12CCFD66200B199F8 /* Sources */ = {
			isa = PBXSourcesBuildPhase;
			buildActionMask = 2147483647;
			files = (
			);
			runOnlyForDeploymentPostprocessing = 0;
		};
		E5DC0FB12CCFD66300B199F8 /* Sources */ = {
			isa = PBXSourcesBuildPhase;
			buildActionMask = 2147483647;
			files = (
			);
			runOnlyForDeploymentPostprocessing = 0;
		};
		E5DC0FBB2CCFD66300B199F8 /* Sources */ = {
			isa = PBXSourcesBuildPhase;
			buildActionMask = 2147483647;
			files = (
			);
			runOnlyForDeploymentPostprocessing = 0;
		};
/* End PBXSourcesBuildPhase section */

/* Begin PBXTargetDependency section */
		E5DC0FB72CCFD66300B199F8 /* PBXTargetDependency */ = {
			isa = PBXTargetDependency;
			target = E5DC0FA42CCFD66200B199F8 /* AppForBharatProject */;
			targetProxy = E5DC0FB62CCFD66300B199F8 /* PBXContainerItemProxy */;
		};
		E5DC0FC12CCFD66300B199F8 /* PBXTargetDependency */ = {
			isa = PBXTargetDependency;
			target = E5DC0FA42CCFD66200B199F8 /* AppForBharatProject */;
			targetProxy = E5DC0FC02CCFD66300B199F8 /* PBXContainerItemProxy */;
		};
/* End PBXTargetDependency section */

/* Begin XCBuildConfiguration section */
		E5DC0FC72CCFD66300B199F8 /* Debug */ = {
			isa = XCBuildConfiguration;
			buildSettings = {
				ALWAYS_SEARCH_USER_PATHS = NO;
				ASSETCATALOG_COMPILER_GENERATE_SWIFT_ASSET_SYMBOL_EXTENSIONS = YES;
				CLANG_ANALYZER_NONNULL = YES;
				CLANG_ANALYZER_NUMBER_OBJECT_CONVERSION = YES_AGGRESSIVE;
				CLANG_CXX_LANGUAGE_STANDARD = "gnu++20";
				CLANG_ENABLE_MODULES = YES;
				CLANG_ENABLE_OBJC_ARC = YES;
				CLANG_ENABLE_OBJC_WEAK = YES;
				CLANG_WARN_BLOCK_CAPTURE_AUTORELEASING = YES;
				CLANG_WARN_BOOL_CONVERSION = YES;
				CLANG_WARN_COMMA = YES;
				CLANG_WARN_CONSTANT_CONVERSION = YES;
				CLANG_WARN_DEPRECATED_OBJC_IMPLEMENTATIONS = YES;
				CLANG_WARN_DIRECT_OBJC_ISA_USAGE = YES_ERROR;
				CLANG_WARN_DOCUMENTATION_COMMENTS = YES;
				CLANG_WARN_EMPTY_BODY = YES;
				CLANG_WARN_ENUM_CONVERSION = YES;
				CLANG_WARN_INFINITE_RECURSION = YES;
				CLANG_WARN_INT_CONVERSION = YES;
				CLANG_WARN_NON_LITERAL_NULL_CONVERSION = YES;
				CLANG_WARN_OBJC_IMPLICIT_RETAIN_SELF = YES;
				CLANG_WARN_OBJC_LITERAL_CONVERSION = YES;
				CLANG_WARN_OBJC_ROOT_CLASS = YES_ERROR;
				CLANG_WARN_QUOTED_INCLUDE_IN_FRAMEWORK_HEADER = YES;
				CLANG_WARN_RANGE_LOOP_ANALYSIS = YES;
				CLANG_WARN_STRICT_PROTOTYPES = YES;
				CLANG_WARN_SUSPICIOUS_MOVE = YES;
				CLANG_WARN_UNGUARDED_AVAILABILITY = YES_AGGRESSIVE;
				CLANG_WARN_UNREACHABLE_CODE = YES;
				CLANG_WARN__DUPLICATE_METHOD_MATCH = YES;
				COPY_PHASE_STRIP = NO;
				DEBUG_INFORMATION_FORMAT = dwarf;
				ENABLE_STRICT_OBJC_MSGSEND = YES;
				ENABLE_TESTABILITY = YES;
				ENABLE_USER_SCRIPT_SANDBOXING = YES;
				GCC_C_LANGUAGE_STANDARD = gnu17;
				GCC_DYNAMIC_NO_PIC = NO;
				GCC_NO_COMMON_BLOCKS = YES;
				GCC_OPTIMIZATION_LEVEL = 0;
				GCC_PREPROCESSOR_DEFINITIONS = (
					"DEBUG=1",
					"$(inherited)",
				);
				GCC_WARN_64_TO_32_BIT_CONVERSION = YES;
				GCC_WARN_ABOUT_RETURN_TYPE = YES_ERROR;
				GCC_WARN_UNDECLARED_SELECTOR = YES;
				GCC_WARN_UNINITIALIZED_AUTOS = YES_AGGRESSIVE;
				GCC_WARN_UNUSED_FUNCTION = YES;
				GCC_WARN_UNUSED_VARIABLE = YES;
				IPHONEOS_DEPLOYMENT_TARGET = 18.0;
				LOCALIZATION_PREFERS_STRING_CATALOGS = YES;
				MTL_ENABLE_DEBUG_INFO = INCLUDE_SOURCE;
				MTL_FAST_MATH = YES;
				ONLY_ACTIVE_ARCH = YES;
				SDKROOT = iphoneos;
				SWIFT_ACTIVE_COMPILATION_CONDITIONS = "DEBUG $(inherited)";
				SWIFT_OPTIMIZATION_LEVEL = "-Onone";
			};
			name = Debug;
		};
		E5DC0FC82CCFD66300B199F8 /* Release */ = {
			isa = XCBuildConfiguration;
			buildSettings = {
				ALWAYS_SEARCH_USER_PATHS = NO;
				ASSETCATALOG_COMPILER_GENERATE_SWIFT_ASSET_SYMBOL_EXTENSIONS = YES;
				CLANG_ANALYZER_NONNULL = YES;
				CLANG_ANALYZER_NUMBER_OBJECT_CONVERSION = YES_AGGRESSIVE;
				CLANG_CXX_LANGUAGE_STANDARD = "gnu++20";
				CLANG_ENABLE_MODULES = YES;
				CLANG_ENABLE_OBJC_ARC = YES;
				CLANG_ENABLE_OBJC_WEAK = YES;
				CLANG_WARN_BLOCK_CAPTURE_AUTORELEASING = YES;
				CLANG_WARN_BOOL_CONVERSION = YES;
				CLANG_WARN_COMMA = YES;
				CLANG_WARN_CONSTANT_CONVERSION = YES;
				CLANG_WARN_DEPRECATED_OBJC_IMPLEMENTATIONS = YES;
				CLANG_WARN_DIRECT_OBJC_ISA_USAGE = YES_ERROR;
				CLANG_WARN_DOCUMENTATION_COMMENTS = YES;
				CLANG_WARN_EMPTY_BODY = YES;
				CLANG_WARN_ENUM_CONVERSION = YES;
				CLANG_WARN_INFINITE_RECURSION = YES;
				CLANG_WARN_INT_CONVERSION = YES;
				CLANG_WARN_NON_LITERAL_NULL_CONVERSION = YES;
				CLANG_WARN_OBJC_IMPLICIT_RETAIN_SELF = YES;
				CLANG_WARN_OBJC_LITERAL_CONVERSION = YES;
				CLANG_WARN_OBJC_ROOT_CLASS = YES_ERROR;
				CLANG_WARN_QUOTED_INCLUDE_IN_FRAMEWORK_HEADER = YES;
				CLANG_WARN_RANGE_LOOP_ANALYSIS = YES;
				CLANG_WARN_STRICT_PROTOTYPES = YES;
				CLANG_WARN_SUSPICIOUS_MOVE = YES;
				CLANG_WARN_UNGUARDED_AVAILABILITY = YES_AGGRESSIVE;
				CLANG_WARN_UNREACHABLE_CODE = YES;
				CLANG_WARN__DUPLICATE_METHOD_MATCH = YES;
				COPY_PHASE_STRIP = NO;
				DEBUG_INFORMATION_FORMAT = "dwarf-with-dsym";
				ENABLE_NS_ASSERTIONS = NO;
				ENABLE_STRICT_OBJC_MSGSEND = YES;
				ENABLE_USER_SCRIPT_SANDBOXING = YES;
				GCC_C_LANGUAGE_STANDARD = gnu17;
				GCC_NO_COMMON_BLOCKS = YES;
				GCC_WARN_64_TO_32_BIT_CONVERSION = YES;
				GCC_WARN_ABOUT_RETURN_TYPE = YES_ERROR;
				GCC_WARN_UNDECLARED_SELECTOR = YES;
				GCC_WARN_UNINITIALIZED_AUTOS = YES_AGGRESSIVE;
				GCC_WARN_UNUSED_FUNCTION = YES;
				GCC_WARN_UNUSED_VARIABLE = YES;
				IPHONEOS_DEPLOYMENT_TARGET = 18.0;
				LOCALIZATION_PREFERS_STRING_CATALOGS = YES;
				MTL_ENABLE_DEBUG_INFO = NO;
				MTL_FAST_MATH = YES;
				SDKROOT = iphoneos;
				SWIFT_COMPILATION_MODE = wholemodule;
				VALIDATE_PRODUCT = YES;
			};
			name = Release;
		};
		E5DC0FCA2CCFD66300B199F8 /* Debug */ = {
			isa = XCBuildConfiguration;
			buildSettings = {
				ASSETCATALOG_COMPILER_APPICON_NAME = AppIcon;
				ASSETCATALOG_COMPILER_GLOBAL_ACCENT_COLOR_NAME = AccentColor;
				CODE_SIGN_STYLE = Automatic;
				CURRENT_PROJECT_VERSION = 1;
				DEVELOPMENT_ASSET_PATHS = "\"AppForBharatProject/Preview Content\"";
				DEVELOPMENT_TEAM = 9S9GR29B58;
				ENABLE_PREVIEWS = YES;
				GENERATE_INFOPLIST_FILE = YES;
				INFOPLIST_KEY_UIApplicationSceneManifest_Generation = YES;
				INFOPLIST_KEY_UIApplicationSupportsIndirectInputEvents = YES;
				INFOPLIST_KEY_UILaunchScreen_Generation = YES;
				INFOPLIST_KEY_UISupportedInterfaceOrientations_iPad = "UIInterfaceOrientationPortrait UIInterfaceOrientationPortraitUpsideDown UIInterfaceOrientationLandscapeLeft UIInterfaceOrientationLandscapeRight";
				INFOPLIST_KEY_UISupportedInterfaceOrientations_iPhone = "UIInterfaceOrientationPortrait UIInterfaceOrientationLandscapeLeft UIInterfaceOrientationLandscapeRight";
				LD_RUNPATH_SEARCH_PATHS = (
					"$(inherited)",
					"@executable_path/Frameworks",
				);
				MARKETING_VERSION = 1.0;
				PRODUCT_BUNDLE_IDENTIFIER = bholanath.AppForBharatProject;
				PRODUCT_NAME = "$(TARGET_NAME)";
				SWIFT_EMIT_LOC_STRINGS = YES;
				SWIFT_VERSION = 5.0;
				TARGETED_DEVICE_FAMILY = "1,2";
			};
			name = Debug;
		};
		E5DC0FCB2CCFD66300B199F8 /* Release */ = {
			isa = XCBuildConfiguration;
			buildSettings = {
				ASSETCATALOG_COMPILER_APPICON_NAME = AppIcon;
				ASSETCATALOG_COMPILER_GLOBAL_ACCENT_COLOR_NAME = AccentColor;
				CODE_SIGN_STYLE = Automatic;
				CURRENT_PROJECT_VERSION = 1;
				DEVELOPMENT_ASSET_PATHS = "\"AppForBharatProject/Preview Content\"";
				DEVELOPMENT_TEAM = 9S9GR29B58;
				ENABLE_PREVIEWS = YES;
				GENERATE_INFOPLIST_FILE = YES;
				INFOPLIST_KEY_UIApplicationSceneManifest_Generation = YES;
				INFOPLIST_KEY_UIApplicationSupportsIndirectInputEvents = YES;
				INFOPLIST_KEY_UILaunchScreen_Generation = YES;
				INFOPLIST_KEY_UISupportedInterfaceOrientations_iPad = "UIInterfaceOrientationPortrait UIInterfaceOrientationPortraitUpsideDown UIInterfaceOrientationLandscapeLeft UIInterfaceOrientationLandscapeRight";
				INFOPLIST_KEY_UISupportedInterfaceOrientations_iPhone = "UIInterfaceOrientationPortrait UIInterfaceOrientationLandscapeLeft UIInterfaceOrientationLandscapeRight";
				LD_RUNPATH_SEARCH_PATHS = (
					"$(inherited)",
					"@executable_path/Frameworks",
				);
				MARKETING_VERSION = 1.0;
				PRODUCT_BUNDLE_IDENTIFIER = bholanath.AppForBharatProject;
				PRODUCT_NAME = "$(TARGET_NAME)";
				SWIFT_EMIT_LOC_STRINGS = YES;
				SWIFT_VERSION = 5.0;
				TARGETED_DEVICE_FAMILY = "1,2";
			};
			name = Release;
		};
		E5DC0FCD2CCFD66300B199F8 /* Debug */ = {
			isa = XCBuildConfiguration;
			buildSettings = {
				BUNDLE_LOADER = "$(TEST_HOST)";
				CODE_SIGN_STYLE = Automatic;
				CURRENT_PROJECT_VERSION = 1;
				DEVELOPMENT_TEAM = 9S9GR29B58;
				GENERATE_INFOPLIST_FILE = YES;
				IPHONEOS_DEPLOYMENT_TARGET = 18.0;
				MARKETING_VERSION = 1.0;
				PRODUCT_BUNDLE_IDENTIFIER = bholanath.AppForBharatProjectTests;
				PRODUCT_NAME = "$(TARGET_NAME)";
				SWIFT_EMIT_LOC_STRINGS = NO;
				SWIFT_VERSION = 5.0;
				TARGETED_DEVICE_FAMILY = "1,2";
				TEST_HOST = "$(BUILT_PRODUCTS_DIR)/AppForBharatProject.app/$(BUNDLE_EXECUTABLE_FOLDER_PATH)/AppForBharatProject";
			};
			name = Debug;
		};
		E5DC0FCE2CCFD66300B199F8 /* Release */ = {
			isa = XCBuildConfiguration;
			buildSettings = {
				BUNDLE_LOADER = "$(TEST_HOST)";
				CODE_SIGN_STYLE = Automatic;
				CURRENT_PROJECT_VERSION = 1;
				DEVELOPMENT_TEAM = 9S9GR29B58;
				GENERATE_INFOPLIST_FILE = YES;
				IPHONEOS_DEPLOYMENT_TARGET = 18.0;
				MARKETING_VERSION = 1.0;
				PRODUCT_BUNDLE_IDENTIFIER = bholanath.AppForBharatProjectTests;
				PRODUCT_NAME = "$(TARGET_NAME)";
				SWIFT_EMIT_LOC_STRINGS = NO;
				SWIFT_VERSION = 5.0;
				TARGETED_DEVICE_FAMILY = "1,2";
				TEST_HOST = "$(BUILT_PRODUCTS_DIR)/AppForBharatProject.app/$(BUNDLE_EXECUTABLE_FOLDER_PATH)/AppForBharatProject";
			};
			name = Release;
		};
		E5DC0FD02CCFD66300B199F8 /* Debug */ = {
			isa = XCBuildConfiguration;
			buildSettings = {
				CODE_SIGN_STYLE = Automatic;
				CURRENT_PROJECT_VERSION = 1;
				DEVELOPMENT_TEAM = 9S9GR29B58;
				GENERATE_INFOPLIST_FILE = YES;
				MARKETING_VERSION = 1.0;
				PRODUCT_BUNDLE_IDENTIFIER = bholanath.AppForBharatProjectUITests;
				PRODUCT_NAME = "$(TARGET_NAME)";
				SWIFT_EMIT_LOC_STRINGS = NO;
				SWIFT_VERSION = 5.0;
				TARGETED_DEVICE_FAMILY = "1,2";
				TEST_TARGET_NAME = AppForBharatProject;
			};
			name = Debug;
		};
		E5DC0FD12CCFD66300B199F8 /* Release */ = {
			isa = XCBuildConfiguration;
			buildSettings = {
				CODE_SIGN_STYLE = Automatic;
				CURRENT_PROJECT_VERSION = 1;
				DEVELOPMENT_TEAM = 9S9GR29B58;
				GENERATE_INFOPLIST_FILE = YES;
				MARKETING_VERSION = 1.0;
				PRODUCT_BUNDLE_IDENTIFIER = bholanath.AppForBharatProjectUITests;
				PRODUCT_NAME = "$(TARGET_NAME)";
				SWIFT_EMIT_LOC_STRINGS = NO;
				SWIFT_VERSION = 5.0;
				TARGETED_DEVICE_FAMILY = "1,2";
				TEST_TARGET_NAME = AppForBharatProject;
			};
			name = Release;
		};
/* End XCBuildConfiguration section */

/* Begin XCConfigurationList section */
		E5DC0FA02CCFD66200B199F8 /* Build configuration list for PBXProject "AppForBharatProject" */ = {
			isa = XCConfigurationList;
			buildConfigurations = (
				E5DC0FC72CCFD66300B199F8 /* Debug */,
				E5DC0FC82CCFD66300B199F8 /* Release */,
			);
			defaultConfigurationIsVisible = 0;
			defaultConfigurationName = Release;
		};
		E5DC0FC92CCFD66300B199F8 /* Build configuration list for PBXNativeTarget "AppForBharatProject" */ = {
			isa = XCConfigurationList;
			buildConfigurations = (
				E5DC0FCA2CCFD66300B199F8 /* Debug */,
				E5DC0FCB2CCFD66300B199F8 /* Release */,
			);
			defaultConfigurationIsVisible = 0;
			defaultConfigurationName = Release;
		};
		E5DC0FCC2CCFD66300B199F8 /* Build configuration list for PBXNativeTarget "AppForBharatProjectTests" */ = {
			isa = XCConfigurationList;
			buildConfigurations = (
				E5DC0FCD2CCFD66300B199F8 /* Debug */,
				E5DC0FCE2CCFD66300B199F8 /* Release */,
			);
			defaultConfigurationIsVisible = 0;
			defaultConfigurationName = Release;
		};
		E5DC0FCF2CCFD66300B199F8 /* Build configuration list for PBXNativeTarget "AppForBharatProjectUITests" */ = {
			isa = XCConfigurationList;
			buildConfigurations = (
				E5DC0FD02CCFD66300B199F8 /* Debug */,
				E5DC0FD12CCFD66300B199F8 /* Release */,
			);
			defaultConfigurationIsVisible = 0;
			defaultConfigurationName = Release;
		};
/* End XCConfigurationList section */
	};
	rootObject = E5DC0F9D2CCFD66200B199F8 /* Project object */;
}
